PODS:
  - purifyGateTestPod (0.1.0)

DEPENDENCIES:
  - purifyGateTestPod (from `../`)

EXTERNAL SOURCES:
  purifyGateTestPod:
    :path: "../"

SPEC CHECKSUMS:
  purifyGateTestPod: 96d5c6054f17f09b2e948944332cb82611755d29

PODFILE CHECKSUM: ee9536ef8d6cb0027719e9778965491c1886a8c4

COCOAPODS: 1.12.1
